
Microsoft Visual Studio Solution File, Format Version 12.00
# Visual Studio Version 17
VisualStudioVersion = 17.1.32328.378
MinimumVisualStudioVersion = 10.0.40219.1
Project("{9A19103F-16F7-4668-BE54-9A1E7A4F7556}") = "UmbracoMongoSmsDataServices", "UmbracoMongoSmsDataServices.csproj", "{67A00F0E-5F68-4073-9871-928597ED7D64}"
EndProject
Project("{2150E333-8FDC-42A3-9474-1A3956D46DE8}") = "Solution Files", "Solution Files", "{348665CE-C856-4FD3-B8C1-0D650EF92FA8}"
	ProjectSection(SolutionItems) = preProject
		.github\workflows\release.yml = .github\workflows\release.yml
	EndProjectSection
EndProject
Global
	GlobalSection(SolutionConfigurationPlatforms) = preSolution
		Debug|Any CPU = Debug|Any CPU
		Release|Any CPU = Release|Any CPU
	EndGlobalSection
	GlobalSection(ProjectConfigurationPlatforms) = postSolution
		{67A00F0E-5F68-4073-9871-928597ED7D64}.Debug|Any CPU.ActiveCfg = Debug|Any CPU
		{67A00F0E-5F68-4073-9871-928597ED7D64}.Debug|Any CPU.Build.0 = Debug|Any CPU
		{67A00F0E-5F68-4073-9871-928597ED7D64}.Release|Any CPU.ActiveCfg = Release|Any CPU
		{67A00F0E-5F68-4073-9871-928597ED7D64}.Release|Any CPU.Build.0 = Release|Any CPU
	EndGlobalSection
	GlobalSection(SolutionProperties) = preSolution
		HideSolutionNode = FALSE
	EndGlobalSection
	GlobalSection(ExtensibilityGlobals) = postSolution
		SolutionGuid = {52AB898E-2FC5-4A98-ACCC-FC318DF9E0FC}
	EndGlobalSection
EndGlobal
